
Microsoft Visual Studio Solution File, Format Version 12.00
# Visual Studio 14
VisualStudioVersion = 14.0.24720.0
MinimumVisualStudioVersion = 10.0.40219.1
Project("{FAE04EC0-301F-11D3-BF4B-00C04F79EFBC}") = "elFinder.Net.FileManager", "elFinder.Net.FileManager\elFinder.Net.FileManager.csproj", "{27BC3FB8-E752-4F9B-BB50-AB69C9EF3A9D}"
EndProject
Project("{FAE04EC0-301F-11D3-BF4B-00C04F79EFBC}") = "elFinder.Net", "elFinder.Net\elFinder.Net.csproj", "{EE8DA138-7EDA-4EB5-B3FD-377763D5EAAE}"
EndProject
Global
	GlobalSection(SolutionConfigurationPlatforms) = preSolution
		Debug|Any CPU = Debug|Any CPU
		Release|Any CPU = Release|Any CPU
	EndGlobalSection
	GlobalSection(ProjectConfigurationPlatforms) = postSolution
		{27BC3FB8-E752-4F9B-BB50-AB69C9EF3A9D}.Debug|Any CPU.ActiveCfg = Debug|Any CPU
		{27BC3FB8-E752-4F9B-BB50-AB69C9EF3A9D}.Debug|Any CPU.Build.0 = Debug|Any CPU
		{27BC3FB8-E752-4F9B-BB50-AB69C9EF3A9D}.Release|Any CPU.ActiveCfg = Release|Any CPU
		{27BC3FB8-E752-4F9B-BB50-AB69C9EF3A9D}.Release|Any CPU.Build.0 = Release|Any CPU
		{EE8DA138-7EDA-4EB5-B3FD-377763D5EAAE}.Debug|Any CPU.ActiveCfg = Debug|Any CPU
		{EE8DA138-7EDA-4EB5-B3FD-377763D5EAAE}.Debug|Any CPU.Build.0 = Debug|Any CPU
		{EE8DA138-7EDA-4EB5-B3FD-377763D5EAAE}.Release|Any CPU.ActiveCfg = Release|Any CPU
		{EE8DA138-7EDA-4EB5-B3FD-377763D5EAAE}.Release|Any CPU.Build.0 = Release|Any CPU
	EndGlobalSection
	GlobalSection(SolutionProperties) = preSolution
		HideSolutionNode = FALSE
	EndGlobalSection
EndGlobal
